
Microsoft Visual Studio Solution File, Format Version 12.00
# Visual Studio 15
VisualStudioVersion = 15.0.27130.2010
MinimumVisualStudioVersion = 10.0.40219.1
Project("{FAE04EC0-301F-11D3-BF4B-00C04F79EFBC}") = "B4.EE.AlderweireldR.AfsprakenApp.Android", "B4.EE.AlderweireldR.AfsprakenApp\B4.EE.AlderweireldR.AfsprakenApp.Android\B4.EE.AlderweireldR.AfsprakenApp.Android.csproj", "{B57D03D3-0083-4EEF-A8ED-A8B2E322E9AA}"
EndProject
Project("{FAE04EC0-301F-11D3-BF4B-00C04F79EFBC}") = "B4.EE.AlderweireldR.AfsprakenApp.iOS", "B4.EE.AlderweireldR.AfsprakenApp\B4.EE.AlderweireldR.AfsprakenApp.iOS\B4.EE.AlderweireldR.AfsprakenApp.iOS.csproj", "{09DC07AB-B51A-478E-970F-27D2B63447AB}"
EndProject
Project("{FAE04EC0-301F-11D3-BF4B-00C04F79EFBC}") = "B4.EE.AlderweireldR.AfsprakenApp.UWP", "B4.EE.AlderweireldR.AfsprakenApp\B4.EE.AlderweireldR.AfsprakenApp.UWP\B4.EE.AlderweireldR.AfsprakenApp.UWP.csproj", "{B43BF86B-65B5-4E98-A2E3-9469524D4626}"
EndProject
Project("{9A19103F-16F7-4668-BE54-9A1E7A4F7556}") = "B4.EE.AlderweireldR.AfsprakenApp", "B4.EE.AlderweireldR.AfsprakenApp\B4.EE.AlderweireldR.AfsprakenApp\B4.EE.AlderweireldR.AfsprakenApp.csproj", "{C24EBB43-5C87-475B-BF2E-4A4A13203DB0}"
EndProject
Global
	GlobalSection(SolutionConfigurationPlatforms) = preSolution
		Ad-Hoc|Any CPU = Ad-Hoc|Any CPU
		Ad-Hoc|ARM = Ad-Hoc|ARM
		Ad-Hoc|iPhone = Ad-Hoc|iPhone
		Ad-Hoc|iPhoneSimulator = Ad-Hoc|iPhoneSimulator
		Ad-Hoc|x64 = Ad-Hoc|x64
		Ad-Hoc|x86 = Ad-Hoc|x86
		AppStore|Any CPU = AppStore|Any CPU
		AppStore|ARM = AppStore|ARM
		AppStore|iPhone = AppStore|iPhone
		AppStore|iPhoneSimulator = AppStore|iPhoneSimulator
		AppStore|x64 = AppStore|x64
		AppStore|x86 = AppStore|x86
		Debug|Any CPU = Debug|Any CPU
		Debug|ARM = Debug|ARM
		Debug|iPhone = Debug|iPhone
		Debug|iPhoneSimulator = Debug|iPhoneSimulator
		Debug|x64 = Debug|x64
		Debug|x86 = Debug|x86
		Release|Any CPU = Release|Any CPU
		Release|ARM = Release|ARM
		Release|iPhone = Release|iPhone
		Release|iPhoneSimulator = Release|iPhoneSimulator
		Release|x64 = Release|x64
		Release|x86 = Release|x86
	EndGlobalSection
	GlobalSection(ProjectConfigurationPlatforms) = postSolution
		{B57D03D3-0083-4EEF-A8ED-A8B2E322E9AA}.Ad-Hoc|Any CPU.ActiveCfg = Release|Any CPU
		{B57D03D3-0083-4EEF-A8ED-A8B2E322E9AA}.Ad-Hoc|Any CPU.Build.0 = Release|Any CPU
		{B57D03D3-0083-4EEF-A8ED-A8B2E322E9AA}.Ad-Hoc|Any CPU.Deploy.0 = Release|Any CPU
		{B57D03D3-0083-4EEF-A8ED-A8B2E322E9AA}.Ad-Hoc|ARM.ActiveCfg = Release|Any CPU
		{B57D03D3-0083-4EEF-A8ED-A8B2E322E9AA}.Ad-Hoc|ARM.Build.0 = Release|Any CPU
		{B57D03D3-0083-4EEF-A8ED-A8B2E322E9AA}.Ad-Hoc|ARM.Deploy.0 = Release|Any CPU
		{B57D03D3-0083-4EEF-A8ED-A8B2E322E9AA}.Ad-Hoc|iPhone.ActiveCfg = Release|Any CPU
		{B57D03D3-0083-4EEF-A8ED-A8B2E322E9AA}.Ad-Hoc|iPhone.Build.0 = Release|Any CPU
		{B57D03D3-0083-4EEF-A8ED-A8B2E322E9AA}.Ad-Hoc|iPhone.Deploy.0 = Release|Any CPU
		{B57D03D3-0083-4EEF-A8ED-A8B2E322E9AA}.Ad-Hoc|iPhoneSimulator.ActiveCfg = Release|Any CPU
		{B57D03D3-0083-4EEF-A8ED-A8B2E322E9AA}.Ad-Hoc|iPhoneSimulator.Build.0 = Release|Any CPU
		{B57D03D3-0083-4EEF-A8ED-A8B2E322E9AA}.Ad-Hoc|iPhoneSimulator.Deploy.0 = Release|Any CPU
		{B57D03D3-0083-4EEF-A8ED-A8B2E322E9AA}.Ad-Hoc|x64.ActiveCfg = Release|Any CPU
		{B57D03D3-0083-4EEF-A8ED-A8B2E322E9AA}.Ad-Hoc|x64.Build.0 = Release|Any CPU
		{B57D03D3-0083-4EEF-A8ED-A8B2E322E9AA}.Ad-Hoc|x64.Deploy.0 = Release|Any CPU
		{B57D03D3-0083-4EEF-A8ED-A8B2E322E9AA}.Ad-Hoc|x86.ActiveCfg = Release|Any CPU
		{B57D03D3-0083-4EEF-A8ED-A8B2E322E9AA}.Ad-Hoc|x86.Build.0 = Release|Any CPU
		{B57D03D3-0083-4EEF-A8ED-A8B2E322E9AA}.Ad-Hoc|x86.Deploy.0 = Release|Any CPU
		{B57D03D3-0083-4EEF-A8ED-A8B2E322E9AA}.AppStore|Any CPU.ActiveCfg = Release|Any CPU
		{B57D03D3-0083-4EEF-A8ED-A8B2E322E9AA}.AppStore|Any CPU.Build.0 = Release|Any CPU
		{B57D03D3-0083-4EEF-A8ED-A8B2E322E9AA}.AppStore|Any CPU.Deploy.0 = Release|Any CPU
		{B57D03D3-0083-4EEF-A8ED-A8B2E322E9AA}.AppStore|ARM.ActiveCfg = Release|Any CPU
		{B57D03D3-0083-4EEF-A8ED-A8B2E322E9AA}.AppStore|ARM.Build.0 = Release|Any CPU
		{B57D03D3-0083-4EEF-A8ED-A8B2E322E9AA}.AppStore|ARM.Deploy.0 = Release|Any CPU
		{B57D03D3-0083-4EEF-A8ED-A8B2E322E9AA}.AppStore|iPhone.ActiveCfg = Release|Any CPU
		{B57D03D3-0083-4EEF-A8ED-A8B2E322E9AA}.AppStore|iPhone.Build.0 = Release|Any CPU
		{B57D03D3-0083-4EEF-A8ED-A8B2E322E9AA}.AppStore|iPhone.Deploy.0 = Release|Any CPU
		{B57D03D3-0083-4EEF-A8ED-A8B2E322E9AA}.AppStore|iPhoneSimulator.ActiveCfg = Release|Any CPU
		{B57D03D3-0083-4EEF-A8ED-A8B2E322E9AA}.AppStore|iPhoneSimulator.Build.0 = Release|Any CPU
		{B57D03D3-0083-4EEF-A8ED-A8B2E322E9AA}.AppStore|iPhoneSimulator.Deploy.0 = Release|Any CPU
		{B57D03D3-0083-4EEF-A8ED-A8B2E322E9AA}.AppStore|x64.ActiveCfg = Release|Any CPU
		{B57D03D3-0083-4EEF-A8ED-A8B2E322E9AA}.AppStore|x64.Build.0 = Release|Any CPU
		{B57D03D3-0083-4EEF-A8ED-A8B2E322E9AA}.AppStore|x64.Deploy.0 = Release|Any CPU
		{B57D03D3-0083-4EEF-A8ED-A8B2E322E9AA}.AppStore|x86.ActiveCfg = Release|Any CPU
		{B57D03D3-0083-4EEF-A8ED-A8B2E322E9AA}.AppStore|x86.Build.0 = Release|Any CPU
		{B57D03D3-0083-4EEF-A8ED-A8B2E322E9AA}.AppStore|x86.Deploy.0 = Release|Any CPU
		{B57D03D3-0083-4EEF-A8ED-A8B2E322E9AA}.Debug|Any CPU.ActiveCfg = Debug|Any CPU
		{B57D03D3-0083-4EEF-A8ED-A8B2E322E9AA}.Debug|Any CPU.Build.0 = Debug|Any CPU
		{B57D03D3-0083-4EEF-A8ED-A8B2E322E9AA}.Debug|Any CPU.Deploy.0 = Debug|Any CPU
		{B57D03D3-0083-4EEF-A8ED-A8B2E322E9AA}.Debug|ARM.ActiveCfg = Debug|Any CPU
		{B57D03D3-0083-4EEF-A8ED-A8B2E322E9AA}.Debug|ARM.Build.0 = Debug|Any CPU
		{B57D03D3-0083-4EEF-A8ED-A8B2E322E9AA}.Debug|ARM.Deploy.0 = Debug|Any CPU
		{B57D03D3-0083-4EEF-A8ED-A8B2E322E9AA}.Debug|iPhone.ActiveCfg = Debug|Any CPU
		{B57D03D3-0083-4EEF-A8ED-A8B2E322E9AA}.Debug|iPhone.Build.0 = Debug|Any CPU
		{B57D03D3-0083-4EEF-A8ED-A8B2E322E9AA}.Debug|iPhone.Deploy.0 = Debug|Any CPU
		{B57D03D3-0083-4EEF-A8ED-A8B2E322E9AA}.Debug|iPhoneSimulator.ActiveCfg = Debug|Any CPU
		{B57D03D3-0083-4EEF-A8ED-A8B2E322E9AA}.Debug|iPhoneSimulator.Build.0 = Debug|Any CPU
		{B57D03D3-0083-4EEF-A8ED-A8B2E322E9AA}.Debug|iPhoneSimulator.Deploy.0 = Debug|Any CPU
		{B57D03D3-0083-4EEF-A8ED-A8B2E322E9AA}.Debug|x64.ActiveCfg = Debug|Any CPU
		{B57D03D3-0083-4EEF-A8ED-A8B2E322E9AA}.Debug|x64.Build.0 = Debug|Any CPU
		{B57D03D3-0083-4EEF-A8ED-A8B2E322E9AA}.Debug|x64.Deploy.0 = Debug|Any CPU
		{B57D03D3-0083-4EEF-A8ED-A8B2E322E9AA}.Debug|x86.ActiveCfg = Debug|Any CPU
		{B57D03D3-0083-4EEF-A8ED-A8B2E322E9AA}.Debug|x86.Build.0 = Debug|Any CPU
		{B57D03D3-0083-4EEF-A8ED-A8B2E322E9AA}.Debug|x86.Deploy.0 = Debug|Any CPU
		{B57D03D3-0083-4EEF-A8ED-A8B2E322E9AA}.Release|Any CPU.ActiveCfg = Release|Any CPU
		{B57D03D3-0083-4EEF-A8ED-A8B2E322E9AA}.Release|Any CPU.Build.0 = Release|Any CPU
		{B57D03D3-0083-4EEF-A8ED-A8B2E322E9AA}.Release|Any CPU.Deploy.0 = Release|Any CPU
		{B57D03D3-0083-4EEF-A8ED-A8B2E322E9AA}.Release|ARM.ActiveCfg = Release|Any CPU
		{B57D03D3-0083-4EEF-A8ED-A8B2E322E9AA}.Release|ARM.Build.0 = Release|Any CPU
		{B57D03D3-0083-4EEF-A8ED-A8B2E322E9AA}.Release|ARM.Deploy.0 = Release|Any CPU
		{B57D03D3-0083-4EEF-A8ED-A8B2E322E9AA}.Release|iPhone.ActiveCfg = Release|Any CPU
		{B57D03D3-0083-4EEF-A8ED-A8B2E322E9AA}.Release|iPhone.Build.0 = Release|Any CPU
		{B57D03D3-0083-4EEF-A8ED-A8B2E322E9AA}.Release|iPhone.Deploy.0 = Release|Any CPU
		{B57D03D3-0083-4EEF-A8ED-A8B2E322E9AA}.Release|iPhoneSimulator.ActiveCfg = Release|Any CPU
		{B57D03D3-0083-4EEF-A8ED-A8B2E322E9AA}.Release|iPhoneSimulator.Build.0 = Release|Any CPU
		{B57D03D3-0083-4EEF-A8ED-A8B2E322E9AA}.Release|iPhoneSimulator.Deploy.0 = Release|Any CPU
		{B57D03D3-0083-4EEF-A8ED-A8B2E322E9AA}.Release|x64.ActiveCfg = Release|Any CPU
		{B57D03D3-0083-4EEF-A8ED-A8B2E322E9AA}.Release|x64.Build.0 = Release|Any CPU
		{B57D03D3-0083-4EEF-A8ED-A8B2E322E9AA}.Release|x64.Deploy.0 = Release|Any CPU
		{B57D03D3-0083-4EEF-A8ED-A8B2E322E9AA}.Release|x86.ActiveCfg = Release|Any CPU
		{B57D03D3-0083-4EEF-A8ED-A8B2E322E9AA}.Release|x86.Build.0 = Release|Any CPU
		{B57D03D3-0083-4EEF-A8ED-A8B2E322E9AA}.Release|x86.Deploy.0 = Release|Any CPU
		{09DC07AB-B51A-478E-970F-27D2B63447AB}.Ad-Hoc|Any CPU.ActiveCfg = Ad-Hoc|iPhone
		{09DC07AB-B51A-478E-970F-27D2B63447AB}.Ad-Hoc|ARM.ActiveCfg = Ad-Hoc|iPhone
		{09DC07AB-B51A-478E-970F-27D2B63447AB}.Ad-Hoc|iPhone.ActiveCfg = Ad-Hoc|iPhone
		{09DC07AB-B51A-478E-970F-27D2B63447AB}.Ad-Hoc|iPhone.Build.0 = Ad-Hoc|iPhone
		{09DC07AB-B51A-478E-970F-27D2B63447AB}.Ad-Hoc|iPhoneSimulator.ActiveCfg = Ad-Hoc|iPhoneSimulator
		{09DC07AB-B51A-478E-970F-27D2B63447AB}.Ad-Hoc|iPhoneSimulator.Build.0 = Ad-Hoc|iPhoneSimulator
		{09DC07AB-B51A-478E-970F-27D2B63447AB}.Ad-Hoc|x64.ActiveCfg = Ad-Hoc|iPhone
		{09DC07AB-B51A-478E-970F-27D2B63447AB}.Ad-Hoc|x86.ActiveCfg = Ad-Hoc|iPhone
		{09DC07AB-B51A-478E-970F-27D2B63447AB}.AppStore|Any CPU.ActiveCfg = AppStore|iPhone
		{09DC07AB-B51A-478E-970F-27D2B63447AB}.AppStore|ARM.ActiveCfg = AppStore|iPhone
		{09DC07AB-B51A-478E-970F-27D2B63447AB}.AppStore|iPhone.ActiveCfg = AppStore|iPhone
		{09DC07AB-B51A-478E-970F-27D2B63447AB}.AppStore|iPhone.Build.0 = AppStore|iPhone
		{09DC07AB-B51A-478E-970F-27D2B63447AB}.AppStore|iPhoneSimulator.ActiveCfg = AppStore|iPhoneSimulator
		{09DC07AB-B51A-478E-970F-27D2B63447AB}.AppStore|iPhoneSimulator.Build.0 = AppStore|iPhoneSimulator
		{09DC07AB-B51A-478E-970F-27D2B63447AB}.AppStore|x64.ActiveCfg = AppStore|iPhone
		{09DC07AB-B51A-478E-970F-27D2B63447AB}.AppStore|x86.ActiveCfg = AppStore|iPhone
		{09DC07AB-B51A-478E-970F-27D2B63447AB}.Debug|Any CPU.ActiveCfg = Debug|iPhone
		{09DC07AB-B51A-478E-970F-27D2B63447AB}.Debug|ARM.ActiveCfg = Debug|iPhone
		{09DC07AB-B51A-478E-970F-27D2B63447AB}.Debug|iPhone.ActiveCfg = Debug|iPhone
		{09DC07AB-B51A-478E-970F-27D2B63447AB}.Debug|iPhone.Build.0 = Debug|iPhone
		{09DC07AB-B51A-478E-970F-27D2B63447AB}.Debug|iPhoneSimulator.ActiveCfg = Debug|iPhoneSimulator
		{09DC07AB-B51A-478E-970F-27D2B63447AB}.Debug|iPhoneSimulator.Build.0 = Debug|iPhoneSimulator
		{09DC07AB-B51A-478E-970F-27D2B63447AB}.Debug|x64.ActiveCfg = Debug|iPhone
		{09DC07AB-B51A-478E-970F-27D2B63447AB}.Debug|x86.ActiveCfg = Debug|iPhone
		{09DC07AB-B51A-478E-970F-27D2B63447AB}.Release|Any CPU.ActiveCfg = Release|iPhone
		{09DC07AB-B51A-478E-970F-27D2B63447AB}.Release|ARM.ActiveCfg = Release|iPhone
		{09DC07AB-B51A-478E-970F-27D2B63447AB}.Release|iPhone.ActiveCfg = Release|iPhone
		{09DC07AB-B51A-478E-970F-27D2B63447AB}.Release|iPhone.Build.0 = Release|iPhone
		{09DC07AB-B51A-478E-970F-27D2B63447AB}.Release|iPhoneSimulator.ActiveCfg = Release|iPhoneSimulator
		{09DC07AB-B51A-478E-970F-27D2B63447AB}.Release|iPhoneSimulator.Build.0 = Release|iPhoneSimulator
		{09DC07AB-B51A-478E-970F-27D2B63447AB}.Release|x64.ActiveCfg = Release|iPhone
		{09DC07AB-B51A-478E-970F-27D2B63447AB}.Release|x86.ActiveCfg = Release|iPhone
		{B43BF86B-65B5-4E98-A2E3-9469524D4626}.Ad-Hoc|Any CPU.ActiveCfg = Release|x86
		{B43BF86B-65B5-4E98-A2E3-9469524D4626}.Ad-Hoc|Any CPU.Build.0 = Release|x86
		{B43BF86B-65B5-4E98-A2E3-9469524D4626}.Ad-Hoc|Any CPU.Deploy.0 = Release|x86
		{B43BF86B-65B5-4E98-A2E3-9469524D4626}.Ad-Hoc|ARM.ActiveCfg = Release|ARM
		{B43BF86B-65B5-4E98-A2E3-9469524D4626}.Ad-Hoc|ARM.Build.0 = Release|ARM
		{B43BF86B-65B5-4E98-A2E3-9469524D4626}.Ad-Hoc|ARM.Deploy.0 = Release|ARM
		{B43BF86B-65B5-4E98-A2E3-9469524D4626}.Ad-Hoc|iPhone.ActiveCfg = Release|x86
		{B43BF86B-65B5-4E98-A2E3-9469524D4626}.Ad-Hoc|iPhone.Build.0 = Release|x86
		{B43BF86B-65B5-4E98-A2E3-9469524D4626}.Ad-Hoc|iPhone.Deploy.0 = Release|x86
		{B43BF86B-65B5-4E98-A2E3-9469524D4626}.Ad-Hoc|iPhoneSimulator.ActiveCfg = Release|x86
		{B43BF86B-65B5-4E98-A2E3-9469524D4626}.Ad-Hoc|iPhoneSimulator.Build.0 = Release|x86
		{B43BF86B-65B5-4E98-A2E3-9469524D4626}.Ad-Hoc|iPhoneSimulator.Deploy.0 = Release|x86
		{B43BF86B-65B5-4E98-A2E3-9469524D4626}.Ad-Hoc|x64.ActiveCfg = Release|x64
		{B43BF86B-65B5-4E98-A2E3-9469524D4626}.Ad-Hoc|x64.Build.0 = Release|x64
		{B43BF86B-65B5-4E98-A2E3-9469524D4626}.Ad-Hoc|x64.Deploy.0 = Release|x64
		{B43BF86B-65B5-4E98-A2E3-9469524D4626}.Ad-Hoc|x86.ActiveCfg = Release|x86
		{B43BF86B-65B5-4E98-A2E3-9469524D4626}.Ad-Hoc|x86.Build.0 = Release|x86
		{B43BF86B-65B5-4E98-A2E3-9469524D4626}.Ad-Hoc|x86.Deploy.0 = Release|x86
		{B43BF86B-65B5-4E98-A2E3-9469524D4626}.AppStore|Any CPU.ActiveCfg = Release|x86
		{B43BF86B-65B5-4E98-A2E3-9469524D4626}.AppStore|Any CPU.Build.0 = Release|x86
		{B43BF86B-65B5-4E98-A2E3-9469524D4626}.AppStore|Any CPU.Deploy.0 = Release|x86
		{B43BF86B-65B5-4E98-A2E3-9469524D4626}.AppStore|ARM.ActiveCfg = Release|ARM
		{B43BF86B-65B5-4E98-A2E3-9469524D4626}.AppStore|ARM.Build.0 = Release|ARM
		{B43BF86B-65B5-4E98-A2E3-9469524D4626}.AppStore|ARM.Deploy.0 = Release|ARM
		{B43BF86B-65B5-4E98-A2E3-9469524D4626}.AppStore|iPhone.ActiveCfg = Release|x86
		{B43BF86B-65B5-4E98-A2E3-9469524D4626}.AppStore|iPhone.Build.0 = Release|x86
		{B43BF86B-65B5-4E98-A2E3-9469524D4626}.AppStore|iPhone.Deploy.0 = Release|x86
		{B43BF86B-65B5-4E98-A2E3-9469524D4626}.AppStore|iPhoneSimulator.ActiveCfg = Release|x86
		{B43BF86B-65B5-4E98-A2E3-9469524D4626}.AppStore|iPhoneSimulator.Build.0 = Release|x86
		{B43BF86B-65B5-4E98-A2E3-9469524D4626}.AppStore|iPhoneSimulator.Deploy.0 = Release|x86
		{B43BF86B-65B5-4E98-A2E3-9469524D4626}.AppStore|x64.ActiveCfg = Release|x64
		{B43BF86B-65B5-4E98-A2E3-9469524D4626}.AppStore|x64.Build.0 = Release|x64
		{B43BF86B-65B5-4E98-A2E3-9469524D4626}.AppStore|x64.Deploy.0 = Release|x64
		{B43BF86B-65B5-4E98-A2E3-9469524D4626}.AppStore|x86.ActiveCfg = Release|x86
		{B43BF86B-65B5-4E98-A2E3-9469524D4626}.AppStore|x86.Build.0 = Release|x86
		{B43BF86B-65B5-4E98-A2E3-9469524D4626}.AppStore|x86.Deploy.0 = Release|x86
		{B43BF86B-65B5-4E98-A2E3-9469524D4626}.Debug|Any CPU.ActiveCfg = Debug|x86
		{B43BF86B-65B5-4E98-A2E3-9469524D4626}.Debug|ARM.ActiveCfg = Debug|ARM
		{B43BF86B-65B5-4E98-A2E3-9469524D4626}.Debug|ARM.Build.0 = Debug|ARM
		{B43BF86B-65B5-4E98-A2E3-9469524D4626}.Debug|ARM.Deploy.0 = Debug|ARM
		{B43BF86B-65B5-4E98-A2E3-9469524D4626}.Debug|iPhone.ActiveCfg = Debug|x86
		{B43BF86B-65B5-4E98-A2E3-9469524D4626}.Debug|iPhoneSimulator.ActiveCfg = Debug|x86
		{B43BF86B-65B5-4E98-A2E3-9469524D4626}.Debug|x64.ActiveCfg = Debug|x64
		{B43BF86B-65B5-4E98-A2E3-9469524D4626}.Debug|x64.Build.0 = Debug|x64
		{B43BF86B-65B5-4E98-A2E3-9469524D4626}.Debug|x64.Deploy.0 = Debug|x64
		{B43BF86B-65B5-4E98-A2E3-9469524D4626}.Debug|x86.ActiveCfg = Debug|x86
		{B43BF86B-65B5-4E98-A2E3-9469524D4626}.Debug|x86.Build.0 = Debug|x86
		{B43BF86B-65B5-4E98-A2E3-9469524D4626}.Debug|x86.Deploy.0 = Debug|x86
		{B43BF86B-65B5-4E98-A2E3-9469524D4626}.Release|Any CPU.ActiveCfg = Release|x86
		{B43BF86B-65B5-4E98-A2E3-9469524D4626}.Release|ARM.ActiveCfg = Release|ARM
		{B43BF86B-65B5-4E98-A2E3-9469524D4626}.Release|ARM.Build.0 = Release|ARM
		{B43BF86B-65B5-4E98-A2E3-9469524D4626}.Release|ARM.Deploy.0 = Release|ARM
		{B43BF86B-65B5-4E98-A2E3-9469524D4626}.Release|iPhone.ActiveCfg = Release|x86
		{B43BF86B-65B5-4E98-A2E3-9469524D4626}.Release|iPhoneSimulator.ActiveCfg = Release|x86
		{B43BF86B-65B5-4E98-A2E3-9469524D4626}.Release|x64.ActiveCfg = Release|x64
		{B43BF86B-65B5-4E98-A2E3-9469524D4626}.Release|x64.Build.0 = Release|x64
		{B43BF86B-65B5-4E98-A2E3-9469524D4626}.Release|x64.Deploy.0 = Release|x64
		{B43BF86B-65B5-4E98-A2E3-9469524D4626}.Release|x86.ActiveCfg = Release|x86
		{B43BF86B-65B5-4E98-A2E3-9469524D4626}.Release|x86.Build.0 = Release|x86
		{B43BF86B-65B5-4E98-A2E3-9469524D4626}.Release|x86.Deploy.0 = Release|x86
		{C24EBB43-5C87-475B-BF2E-4A4A13203DB0}.Ad-Hoc|Any CPU.ActiveCfg = Debug|Any CPU
		{C24EBB43-5C87-475B-BF2E-4A4A13203DB0}.Ad-Hoc|Any CPU.Build.0 = Debug|Any CPU
		{C24EBB43-5C87-475B-BF2E-4A4A13203DB0}.Ad-Hoc|ARM.ActiveCfg = Debug|Any CPU
		{C24EBB43-5C87-475B-BF2E-4A4A13203DB0}.Ad-Hoc|ARM.Build.0 = Debug|Any CPU
		{C24EBB43-5C87-475B-BF2E-4A4A13203DB0}.Ad-Hoc|iPhone.ActiveCfg = Debug|Any CPU
		{C24EBB43-5C87-475B-BF2E-4A4A13203DB0}.Ad-Hoc|iPhone.Build.0 = Debug|Any CPU
		{C24EBB43-5C87-475B-BF2E-4A4A13203DB0}.Ad-Hoc|iPhoneSimulator.ActiveCfg = Debug|Any CPU
		{C24EBB43-5C87-475B-BF2E-4A4A13203DB0}.Ad-Hoc|iPhoneSimulator.Build.0 = Debug|Any CPU
		{C24EBB43-5C87-475B-BF2E-4A4A13203DB0}.Ad-Hoc|x64.ActiveCfg = Debug|Any CPU
		{C24EBB43-5C87-475B-BF2E-4A4A13203DB0}.Ad-Hoc|x64.Build.0 = Debug|Any CPU
		{C24EBB43-5C87-475B-BF2E-4A4A13203DB0}.Ad-Hoc|x86.ActiveCfg = Debug|Any CPU
		{C24EBB43-5C87-475B-BF2E-4A4A13203DB0}.Ad-Hoc|x86.Build.0 = Debug|Any CPU
		{C24EBB43-5C87-475B-BF2E-4A4A13203DB0}.AppStore|Any CPU.ActiveCfg = Debug|Any CPU
		{C24EBB43-5C87-475B-BF2E-4A4A13203DB0}.AppStore|Any CPU.Build.0 = Debug|Any CPU
		{C24EBB43-5C87-475B-BF2E-4A4A13203DB0}.AppStore|ARM.ActiveCfg = Debug|Any CPU
		{C24EBB43-5C87-475B-BF2E-4A4A13203DB0}.AppStore|ARM.Build.0 = Debug|Any CPU
		{C24EBB43-5C87-475B-BF2E-4A4A13203DB0}.AppStore|iPhone.ActiveCfg = Debug|Any CPU
		{C24EBB43-5C87-475B-BF2E-4A4A13203DB0}.AppStore|iPhone.Build.0 = Debug|Any CPU
		{C24EBB43-5C87-475B-BF2E-4A4A13203DB0}.AppStore|iPhoneSimulator.ActiveCfg = Debug|Any CPU
		{C24EBB43-5C87-475B-BF2E-4A4A13203DB0}.AppStore|iPhoneSimulator.Build.0 = Debug|Any CPU
		{C24EBB43-5C87-475B-BF2E-4A4A13203DB0}.AppStore|x64.ActiveCfg = Debug|Any CPU
		{C24EBB43-5C87-475B-BF2E-4A4A13203DB0}.AppStore|x64.Build.0 = Debug|Any CPU
		{C24EBB43-5C87-475B-BF2E-4A4A13203DB0}.AppStore|x86.ActiveCfg = Debug|Any CPU
		{C24EBB43-5C87-475B-BF2E-4A4A13203DB0}.AppStore|x86.Build.0 = Debug|Any CPU
		{C24EBB43-5C87-475B-BF2E-4A4A13203DB0}.Debug|Any CPU.ActiveCfg = Debug|Any CPU
		{C24EBB43-5C87-475B-BF2E-4A4A13203DB0}.Debug|Any CPU.Build.0 = Debug|Any CPU
		{C24EBB43-5C87-475B-BF2E-4A4A13203DB0}.Debug|ARM.ActiveCfg = Debug|Any CPU
		{C24EBB43-5C87-475B-BF2E-4A4A13203DB0}.Debug|ARM.Build.0 = Debug|Any CPU
		{C24EBB43-5C87-475B-BF2E-4A4A13203DB0}.Debug|iPhone.ActiveCfg = Debug|Any CPU
		{C24EBB43-5C87-475B-BF2E-4A4A13203DB0}.Debug|iPhone.Build.0 = Debug|Any CPU
		{C24EBB43-5C87-475B-BF2E-4A4A13203DB0}.Debug|iPhoneSimulator.ActiveCfg = Debug|Any CPU
		{C24EBB43-5C87-475B-BF2E-4A4A13203DB0}.Debug|iPhoneSimulator.Build.0 = Debug|Any CPU
		{C24EBB43-5C87-475B-BF2E-4A4A13203DB0}.Debug|x64.ActiveCfg = Debug|Any CPU
		{C24EBB43-5C87-475B-BF2E-4A4A13203DB0}.Debug|x64.Build.0 = Debug|Any CPU
		{C24EBB43-5C87-475B-BF2E-4A4A13203DB0}.Debug|x86.ActiveCfg = Debug|Any CPU
		{C24EBB43-5C87-475B-BF2E-4A4A13203DB0}.Debug|x86.Build.0 = Debug|Any CPU
		{C24EBB43-5C87-475B-BF2E-4A4A13203DB0}.Release|Any CPU.ActiveCfg = Release|Any CPU
		{C24EBB43-5C87-475B-BF2E-4A4A13203DB0}.Release|Any CPU.Build.0 = Release|Any CPU
		{C24EBB43-5C87-475B-BF2E-4A4A13203DB0}.Release|ARM.ActiveCfg = Release|Any CPU
		{C24EBB43-5C87-475B-BF2E-4A4A13203DB0}.Release|ARM.Build.0 = Release|Any CPU
		{C24EBB43-5C87-475B-BF2E-4A4A13203DB0}.Release|iPhone.ActiveCfg = Release|Any CPU
		{C24EBB43-5C87-475B-BF2E-4A4A13203DB0}.Release|iPhone.Build.0 = Release|Any CPU
		{C24EBB43-5C87-475B-BF2E-4A4A13203DB0}.Release|iPhoneSimulator.ActiveCfg = Release|Any CPU
		{C24EBB43-5C87-475B-BF2E-4A4A13203DB0}.Release|iPhoneSimulator.Build.0 = Release|Any CPU
		{C24EBB43-5C87-475B-BF2E-4A4A13203DB0}.Release|x64.ActiveCfg = Release|Any CPU
		{C24EBB43-5C87-475B-BF2E-4A4A13203DB0}.Release|x64.Build.0 = Release|Any CPU
		{C24EBB43-5C87-475B-BF2E-4A4A13203DB0}.Release|x86.ActiveCfg = Release|Any CPU
		{C24EBB43-5C87-475B-BF2E-4A4A13203DB0}.Release|x86.Build.0 = Release|Any CPU
	EndGlobalSection
	GlobalSection(SolutionProperties) = preSolution
		HideSolutionNode = FALSE
	EndGlobalSection
	GlobalSection(ExtensibilityGlobals) = postSolution
		SolutionGuid = {49BC3907-C9A2-4A0A-975A-ED5EBA90F0BE}
	EndGlobalSection
EndGlobal
